PODS:
  - Bolts/Tasks (1.9.1)
  - DateTools (2.0.0)
  - MBProgressHUD (1.2.0)
  - Parse (1.19.3):
    - Parse/Core (= 1.19.3)
  - Parse/Core (1.19.3):
    - Bolts/Tasks (= 1.9.1)
  - ParseUI (1.2.0):
    - Bolts/Tasks (~> 1.3)
    - Parse (~> 1.9)
  - SVPullToRefresh (0.4.1)

DEPENDENCIES:
  - DateTools
  - MBProgressHUD
  - Parse
  - ParseUI
  - SVPullToRefresh

SPEC REPOS:
  trunk:
    - Bolts
    - DateTools
    - MBProgressHUD
    - Parse
    - ParseUI
    - SVPullToRefresh

SPEC CHECKSUMS:
  Bolts: 8c1e8aab2f603387b8b9924f57d1d64f43d3ffdc
  DateTools: 933ac9c490f21f92127cf690ccd8c397e0126caf
  MBProgressHUD: 3ee5efcc380f6a79a7cc9b363dd669c5e1ae7406
  Parse: 0abb63a0ff6fa34a3f64b81d595a294e2ece143a
  ParseUI: 2b37a0bc692a3e7666cf0c37b5521dfddd74a1af
  SVPullToRefresh: ba2e718695a43253d8bea6852d2960097dc15d8c

PODFILE CHECKSUM: 1058f08a882338aba684c3486f593e3ad2f095ab

COCOAPODS: 1.11.3
